// !$*UTF8*$!
{
	archiveVersion = 1;
	classes = {
	};
	objectVersion = 55;
	objects = {

/* Begin PBXBuildFile section */
		5609ED792832AD1400A8B144 /* BirthDateOnboardingView.swift in Sources */ = {isa = PBXBuildFile; fileRef = 5609ED782832AD1400A8B144 /* BirthDateOnboardingView.swift */; };
		561238052834D35A00DCB87B /* DiabetsOnboardingView.swift in Sources */ = {isa = PBXBuildFile; fileRef = 561238042834D35A00DCB87B /* DiabetsOnboardingView.swift */; };
		5612380B283506A400DCB87B /* GlucoseAlertOnboardingView.swift in Sources */ = {isa = PBXBuildFile; fileRef = 5612380A283506A400DCB87B /* GlucoseAlertOnboardingView.swift */; };
		5612380D283520FB00DCB87B /* RangedSliderView.swift in Sources */ = {isa = PBXBuildFile; fileRef = 5612380C283520FB00DCB87B /* RangedSliderView.swift */; };
		5612380F2835399000DCB87B /* SingleSliderView.swift in Sources */ = {isa = PBXBuildFile; fileRef = 5612380E2835399000DCB87B /* SingleSliderView.swift */; };
		5623A10B283D49460097AF78 /* EnvironmentProvider.swift in Sources */ = {isa = PBXBuildFile; fileRef = 5623A10A283D49460097AF78 /* EnvironmentProvider.swift */; };
		562822AD284622CB00F0F6DC /* KeyBoardHandler.swift in Sources */ = {isa = PBXBuildFile; fileRef = 562822AC284622CB00F0F6DC /* KeyBoardHandler.swift */; };
		562822B3284672CE00F0F6DC /* OnboardingViewType.swift in Sources */ = {isa = PBXBuildFile; fileRef = 562822B2284672CE00F0F6DC /* OnboardingViewType.swift */; };
		56295BE2284A4F3D003811F5 /* SingInView.swift in Sources */ = {isa = PBXBuildFile; fileRef = 56295BE1284A4F3D003811F5 /* SingInView.swift */; };
		562A6BB6284778AC002152B0 /* GlucoseUnitOnboardingView.swift in Sources */ = {isa = PBXBuildFile; fileRef = 562A6BB5284778AC002152B0 /* GlucoseUnitOnboardingView.swift */; };
		562A6BB82847C53A002152B0 /* CustomizeToggleStyle.swift in Sources */ = {isa = PBXBuildFile; fileRef = 562A6BB72847C53A002152B0 /* CustomizeToggleStyle.swift */; };
		562A6BBA2847E134002152B0 /* CompleteOnboardingView.swift in Sources */ = {isa = PBXBuildFile; fileRef = 562A6BB92847E134002152B0 /* CompleteOnboardingView.swift */; };
		5633494628468A09004AE426 /* Int+Ext.swift in Sources */ = {isa = PBXBuildFile; fileRef = 5633494528468A09004AE426 /* Int+Ext.swift */; };
		5637138C283F6E51003C5A09 /* RealmProvider.swift in Sources */ = {isa = PBXBuildFile; fileRef = 5637138B283F6E51003C5A09 /* RealmProvider.swift */; };
		56371391283F7033003C5A09 /* Constant.swift in Sources */ = {isa = PBXBuildFile; fileRef = 56371390283F7033003C5A09 /* Constant.swift */; };
		56371394283F71E0003C5A09 /* ConnectCGMView.swift in Sources */ = {isa = PBXBuildFile; fileRef = 56371393283F71E0003C5A09 /* ConnectCGMView.swift */; };
		56371396283F7B92003C5A09 /* ConnectCGMViewModel.swift in Sources */ = {isa = PBXBuildFile; fileRef = 56371395283F7B92003C5A09 /* ConnectCGMViewModel.swift */; };
		56371398283FB92F003C5A09 /* SelectDeviceView.swift in Sources */ = {isa = PBXBuildFile; fileRef = 56371397283FB92F003C5A09 /* SelectDeviceView.swift */; };
		5637139A283FC895003C5A09 /* EstablishConnectionView.swift in Sources */ = {isa = PBXBuildFile; fileRef = 56371399283FC895003C5A09 /* EstablishConnectionView.swift */; };
		563713B2283FD8FF003C5A09 /* GoogleSignIn in Frameworks */ = {isa = PBXBuildFile; productRef = 563713B1283FD8FF003C5A09 /* GoogleSignIn */; };
		563713B42840E48F003C5A09 /* GenderType.swift in Sources */ = {isa = PBXBuildFile; fileRef = 563713B32840E48F003C5A09 /* GenderType.swift */; };
		563713B62840E732003C5A09 /* GlucoseType.swift in Sources */ = {isa = PBXBuildFile; fileRef = 563713B52840E732003C5A09 /* GlucoseType.swift */; };
		563713B82840E8A9003C5A09 /* DiabetType.swift in Sources */ = {isa = PBXBuildFile; fileRef = 563713B72840E8A9003C5A09 /* DiabetType.swift */; };
		563E02DC284DE9D800610F7C /* AppleProvider.swift in Sources */ = {isa = PBXBuildFile; fileRef = 563E02DB284DE9D800610F7C /* AppleProvider.swift */; };
		563E02DE284DEA9400610F7C /* AppleInteractor.swift in Sources */ = {isa = PBXBuildFile; fileRef = 563E02DD284DEA9400610F7C /* AppleInteractor.swift */; };
		563E02E2284E396400610F7C /* FirebaseMessaging in Frameworks */ = {isa = PBXBuildFile; productRef = 563E02E1284E396400610F7C /* FirebaseMessaging */; };
		563E02E4284E398000610F7C /* GoogleService-Info.plist in Resources */ = {isa = PBXBuildFile; fileRef = 563E02E3284E398000610F7C /* GoogleService-Info.plist */; };
		563E02E6284F3EAE00610F7C /* ASAuthorizationController+Ext.swift in Sources */ = {isa = PBXBuildFile; fileRef = 563E02E5284F3EAE00610F7C /* ASAuthorizationController+Ext.swift */; };
		563E02EA284F498900610F7C /* AuthFacebook+Ext.swift in Sources */ = {isa = PBXBuildFile; fileRef = 563E02E9284F498900610F7C /* AuthFacebook+Ext.swift */; };
		563E02EC284F5D8400610F7C /* AuthGoogle+Ext.swift in Sources */ = {isa = PBXBuildFile; fileRef = 563E02EB284F5D8300610F7C /* AuthGoogle+Ext.swift */; };
		5645D6AB28378C390081EA5A /* StoreUserInteractor.swift in Sources */ = {isa = PBXBuildFile; fileRef = 5645D6AA28378C390081EA5A /* StoreUserInteractor.swift */; };
		5645D6AD283795560081EA5A /* UserViewModel.swift in Sources */ = {isa = PBXBuildFile; fileRef = 5645D6AC283795560081EA5A /* UserViewModel.swift */; };
		5645D6B02837D73F0081EA5A /* String+Ext.swift in Sources */ = {isa = PBXBuildFile; fileRef = 5645D6AF2837D73F0081EA5A /* String+Ext.swift */; };
		5659428C28573C8700A1A168 /* SignUpFlow.swift in Sources */ = {isa = PBXBuildFile; fileRef = 5659428B28573C8700A1A168 /* SignUpFlow.swift */; };
		5659428E2857671300A1A168 /* SignInFlow.swift in Sources */ = {isa = PBXBuildFile; fileRef = 5659428D2857671300A1A168 /* SignInFlow.swift */; };
		565942902857684400A1A168 /* LoginViewType.swift in Sources */ = {isa = PBXBuildFile; fileRef = 5659428F2857684400A1A168 /* LoginViewType.swift */; };
		5659808F283B776C00669F15 /* RealmSwift in Frameworks */ = {isa = PBXBuildFile; productRef = 5659808E283B776C00669F15 /* RealmSwift */; };
		56598092283B77D700669F15 /* FacebookLogin in Frameworks */ = {isa = PBXBuildFile; productRef = 56598091283B77D700669F15 /* FacebookLogin */; };
		56598095283B789800669F15 /* FacebookProvider.swift in Sources */ = {isa = PBXBuildFile; fileRef = 56598094283B789800669F15 /* FacebookProvider.swift */; };
		565BDF6E2851D505000BE00C /* MenuView.swift in Sources */ = {isa = PBXBuildFile; fileRef = 565BDF6D2851D505000BE00C /* MenuView.swift */; };
		565BDF702851D92B000BE00C /* RoundedCorner.swift in Sources */ = {isa = PBXBuildFile; fileRef = 565BDF6F2851D92B000BE00C /* RoundedCorner.swift */; };
		565BDF722851E28D000BE00C /* MenuType.swift in Sources */ = {isa = PBXBuildFile; fileRef = 565BDF712851E28D000BE00C /* MenuType.swift */; };
		565FDCDF283BD45A004D9924 /* NativigationBarView.swift in Sources */ = {isa = PBXBuildFile; fileRef = 565FDCDE283BD45A004D9924 /* NativigationBarView.swift */; };
		565FDCE1283BDA29004D9924 /* View+Ext.swift in Sources */ = {isa = PBXBuildFile; fileRef = 565FDCE0283BDA29004D9924 /* View+Ext.swift */; };
		56749FA6283BAA0C00A2D4B7 /* ToastView.swift in Sources */ = {isa = PBXBuildFile; fileRef = 56749FA5283BAA0C00A2D4B7 /* ToastView.swift */; };
		568C17132836259500C77384 /* swiftui-xcassets-template.stencil in Resources */ = {isa = PBXBuildFile; fileRef = 568C17122836259500C77384 /* swiftui-xcassets-template.stencil */; };
		568C1715283641B300C77384 /* StateButton.swift in Sources */ = {isa = PBXBuildFile; fileRef = 568C1714283641B300C77384 /* StateButton.swift */; };
		568C171828364DDB00C77384 /* EmailSignUpView.swift in Sources */ = {isa = PBXBuildFile; fileRef = 568C171728364DDB00C77384 /* EmailSignUpView.swift */; };
		568C171C28368AAD00C77384 /* User.swift in Sources */ = {isa = PBXBuildFile; fileRef = 568C171B28368AAD00C77384 /* User.swift */; };
		568C17222836949D00C77384 /* StoreProvider.swift in Sources */ = {isa = PBXBuildFile; fileRef = 568C17212836949D00C77384 /* StoreProvider.swift */; };
		568C172528369B6200C77384 /* swiftlint.yml in Resources */ = {isa = PBXBuildFile; fileRef = 568C172428369B6200C77384 /* swiftlint.yml */; };
		56953FCB283259C90025C1A2 /* Poppins-Medium.ttf in Resources */ = {isa = PBXBuildFile; fileRef = 56953FC6283259C90025C1A2 /* Poppins-Medium.ttf */; };
		56953FCC283259C90025C1A2 /* Poppins-Italic.ttf in Resources */ = {isa = PBXBuildFile; fileRef = 56953FC7283259C90025C1A2 /* Poppins-Italic.ttf */; };
		56953FCD283259C90025C1A2 /* Poppins-Bold.ttf in Resources */ = {isa = PBXBuildFile; fileRef = 56953FC8283259C90025C1A2 /* Poppins-Bold.ttf */; };
		56953FCE283259C90025C1A2 /* Poppins-Regular.ttf in Resources */ = {isa = PBXBuildFile; fileRef = 56953FC9283259C90025C1A2 /* Poppins-Regular.ttf */; };
		56953FCF283259C90025C1A2 /* Poppins-SemiBold.ttf in Resources */ = {isa = PBXBuildFile; fileRef = 56953FCA283259C90025C1A2 /* Poppins-SemiBold.ttf */; };
		56953FD12832745C0025C1A2 /* NameOnboardingView.swift in Sources */ = {isa = PBXBuildFile; fileRef = 56953FD02832745C0025C1A2 /* NameOnboardingView.swift */; };
		56A8535228322350000DFE3D /* AppDelegate.swift in Sources */ = {isa = PBXBuildFile; fileRef = 56A8535128322350000DFE3D /* AppDelegate.swift */; };
		56A8535428322350000DFE3D /* SceneDelegate.swift in Sources */ = {isa = PBXBuildFile; fileRef = 56A8535328322350000DFE3D /* SceneDelegate.swift */; };
		56A8537428323934000DFE3D /* SplashView.swift in Sources */ = {isa = PBXBuildFile; fileRef = 56A8537328323934000DFE3D /* SplashView.swift */; };
		56C0A7452848AA77001D5D00 /* OAuthSwift in Frameworks */ = {isa = PBXBuildFile; productRef = 56C0A7442848AA77001D5D00 /* OAuthSwift */; };
		56C0A7472848AB67001D5D00 /* DexComProvider.swift in Sources */ = {isa = PBXBuildFile; fileRef = 56C0A7462848AB67001D5D00 /* DexComProvider.swift */; };
		56C0A7492848AB8C001D5D00 /* DexcomInteractor.swift in Sources */ = {isa = PBXBuildFile; fileRef = 56C0A7482848AB8C001D5D00 /* DexcomInteractor.swift */; };
		56C0A74E28490BB1001D5D00 /* OAuth+Ext.swift in Sources */ = {isa = PBXBuildFile; fileRef = 56C0A74D28490BB1001D5D00 /* OAuth+Ext.swift */; };
		56C771FE283553BC0000E579 /* swiftgen.yml in Resources */ = {isa = PBXBuildFile; fileRef = 56C771FD283553BC0000E579 /* swiftgen.yml */; };
		56C77201283554FE0000E579 /* Colors.xcassets in Resources */ = {isa = PBXBuildFile; fileRef = 56C77200283554FE0000E579 /* Colors.xcassets */; };
		56C77204283556B60000E579 /* XCAssets+Generated.swift in Sources */ = {isa = PBXBuildFile; fileRef = 56C77203283556B60000E579 /* XCAssets+Generated.swift */; };
		56C7720628355A040000E579 /* Strings+Generated.swift in Sources */ = {isa = PBXBuildFile; fileRef = 56C7720528355A040000E579 /* Strings+Generated.swift */; };
		56C7720928355AEB0000E579 /* Base.strings in Resources */ = {isa = PBXBuildFile; fileRef = 56C7720728355AEB0000E579 /* Base.strings */; };
		56C7720F2835642B0000E579 /* fonts_swift5_swiftui.stencil in Resources */ = {isa = PBXBuildFile; fileRef = 56C7720E2835642B0000E579 /* fonts_swift5_swiftui.stencil */; };
		56C772112835645A0000E579 /* Fonts+Generated.swift in Sources */ = {isa = PBXBuildFile; fileRef = 56C772102835645A0000E579 /* Fonts+Generated.swift */; };
		56C9315B2850820D001E26AD /* MainView.swift in Sources */ = {isa = PBXBuildFile; fileRef = 56C9315A2850820D001E26AD /* MainView.swift */; };
		56C9315D2850CEBE001E26AD /* MainViewModel.swift in Sources */ = {isa = PBXBuildFile; fileRef = 56C9315C2850CEBE001E26AD /* MainViewModel.swift */; };
		56CA6D84285C7B4F0097DF69 /* LogBGLevelView.swift in Sources */ = {isa = PBXBuildFile; fileRef = 56CA6D83285C7B4F0097DF69 /* LogBGLevelView.swift */; };
		56CA6D86285CA4400097DF69 /* TextField+Ext.swift in Sources */ = {isa = PBXBuildFile; fileRef = 56CA6D85285CA4400097DF69 /* TextField+Ext.swift */; };
		56CA6D8A285CC4A90097DF69 /* Date+Ext.swift in Sources */ = {isa = PBXBuildFile; fileRef = 56CA6D89285CC4A90097DF69 /* Date+Ext.swift */; };
		56D95819283390180053E65C /* Assets.xcassets in Resources */ = {isa = PBXBuildFile; fileRef = 56D95818283390180053E65C /* Assets.xcassets */; };
		56D9581C283392AA0053E65C /* CommonViews.swift in Sources */ = {isa = PBXBuildFile; fileRef = 56D9581B283392AA0053E65C /* CommonViews.swift */; };
		56D9582028339CBD0053E65C /* DatePickerView.swift in Sources */ = {isa = PBXBuildFile; fileRef = 56D9581F28339CBD0053E65C /* DatePickerView.swift */; };
		56D958222833D3430053E65C /* GenderOnboardingView.swift in Sources */ = {isa = PBXBuildFile; fileRef = 56D958212833D3430053E65C /* GenderOnboardingView.swift */; };
		56E2867F28354EAE0095FD9F /* SignUpView.swift in Sources */ = {isa = PBXBuildFile; fileRef = 56E2867E28354EAE0095FD9F /* SignUpView.swift */; };
		56E537BF283E950900929282 /* GoogleInteractor.swift in Sources */ = {isa = PBXBuildFile; fileRef = 56E537BE283E950900929282 /* GoogleInteractor.swift */; };
		56E537C1283E958300929282 /* GoogleProvider.swift in Sources */ = {isa = PBXBuildFile; fileRef = 56E537C0283E958300929282 /* GoogleProvider.swift */; };
		56E537C5283E960300929282 /* Provider.swift in Sources */ = {isa = PBXBuildFile; fileRef = 56E537C4283E960300929282 /* Provider.swift */; };
		56E537CA283E998E00929282 /* DependencyProvider.swift in Sources */ = {isa = PBXBuildFile; fileRef = 56E537C9283E998E00929282 /* DependencyProvider.swift */; };
		56E55F36283CBC2D0085D4DD /* RecoveryEmailView.swift in Sources */ = {isa = PBXBuildFile; fileRef = 56E55F35283CBC2D0085D4DD /* RecoveryEmailView.swift */; };
		56E55F38283CC0A90085D4DD /* CheckInboxView.swift in Sources */ = {isa = PBXBuildFile; fileRef = 56E55F37283CC0A90085D4DD /* CheckInboxView.swift */; };
		56E55F3A283CC3E90085D4DD /* NewPasswordView.swift in Sources */ = {isa = PBXBuildFile; fileRef = 56E55F39283CC3E90085D4DD /* NewPasswordView.swift */; };
		56E55F3C283CC5D80085D4DD /* NewPasswordSuccessView.swift in Sources */ = {isa = PBXBuildFile; fileRef = 56E55F3B283CC5D80085D4DD /* NewPasswordSuccessView.swift */; };
		56E6F190283D24A500623AE2 /* FacebookInteractor.swift in Sources */ = {isa = PBXBuildFile; fileRef = 56E6F18F283D24A500623AE2 /* FacebookInteractor.swift */; };
		56E6F199283D458900623AE2 /* SlimLogglyDestinationConfig.swift in Sources */ = {isa = PBXBuildFile; fileRef = 56E6F194283D458900623AE2 /* SlimLogglyDestinationConfig.swift */; };
		56E6F19A283D458900623AE2 /* SlimLogglyDestination.swift in Sources */ = {isa = PBXBuildFile; fileRef = 56E6F195283D458900623AE2 /* SlimLogglyDestination.swift */; };
		56E6F19B283D458900623AE2 /* Logger.swift in Sources */ = {isa = PBXBuildFile; fileRef = 56E6F196283D458900623AE2 /* Logger.swift */; };
		56E6F19C283D458900623AE2 /* SlimLogger.swift in Sources */ = {isa = PBXBuildFile; fileRef = 56E6F197283D458900623AE2 /* SlimLogger.swift */; };
		56E6F19D283D458900623AE2 /* SlimLoggerConfig.swift in Sources */ = {isa = PBXBuildFile; fileRef = 56E6F198283D458900623AE2 /* SlimLoggerConfig.swift */; };
/* End PBXBuildFile section */

/* Begin PBXFileReference section */
		5609ED782832AD1400A8B144 /* BirthDateOnboardingView.swift */ = {isa = PBXFileReference; lastKnownFileType = sourcecode.swift; path = BirthDateOnboardingView.swift; sourceTree = "<group>"; };
		561238042834D35A00DCB87B /* DiabetsOnboardingView.swift */ = {isa = PBXFileReference; lastKnownFileType = sourcecode.swift; path = DiabetsOnboardingView.swift; sourceTree = "<group>"; };
		5612380A283506A400DCB87B /* GlucoseAlertOnboardingView.swift */ = {isa = PBXFileReference; lastKnownFileType = sourcecode.swift; path = GlucoseAlertOnboardingView.swift; sourceTree = "<group>"; };
		5612380C283520FB00DCB87B /* RangedSliderView.swift */ = {isa = PBXFileReference; lastKnownFileType = sourcecode.swift; path = RangedSliderView.swift; sourceTree = "<group>"; };
		5612380E2835399000DCB87B /* SingleSliderView.swift */ = {isa = PBXFileReference; lastKnownFileType = sourcecode.swift; path = SingleSliderView.swift; sourceTree = "<group>"; };
		5623A10A283D49460097AF78 /* EnvironmentProvider.swift */ = {isa = PBXFileReference; lastKnownFileType = sourcecode.swift; path = EnvironmentProvider.swift; sourceTree = "<group>"; };
		562822AC284622CB00F0F6DC /* KeyBoardHandler.swift */ = {isa = PBXFileReference; lastKnownFileType = sourcecode.swift; path = KeyBoardHandler.swift; sourceTree = "<group>"; };
		562822B2284672CE00F0F6DC /* OnboardingViewType.swift */ = {isa = PBXFileReference; lastKnownFileType = sourcecode.swift; path = OnboardingViewType.swift; sourceTree = "<group>"; };
		56295BE1284A4F3D003811F5 /* SingInView.swift */ = {isa = PBXFileReference; lastKnownFileType = sourcecode.swift; path = SingInView.swift; sourceTree = "<group>"; };
		562A6BB5284778AC002152B0 /* GlucoseUnitOnboardingView.swift */ = {isa = PBXFileReference; lastKnownFileType = sourcecode.swift; path = GlucoseUnitOnboardingView.swift; sourceTree = "<group>"; };
		562A6BB72847C53A002152B0 /* CustomizeToggleStyle.swift */ = {isa = PBXFileReference; lastKnownFileType = sourcecode.swift; path = CustomizeToggleStyle.swift; sourceTree = "<group>"; };
		562A6BB92847E134002152B0 /* CompleteOnboardingView.swift */ = {isa = PBXFileReference; lastKnownFileType = sourcecode.swift; path = CompleteOnboardingView.swift; sourceTree = "<group>"; };
		5633494528468A09004AE426 /* Int+Ext.swift */ = {isa = PBXFileReference; lastKnownFileType = sourcecode.swift; path = "Int+Ext.swift"; sourceTree = "<group>"; };
		5637138B283F6E51003C5A09 /* RealmProvider.swift */ = {isa = PBXFileReference; lastKnownFileType = sourcecode.swift; path = RealmProvider.swift; sourceTree = "<group>"; };
		56371390283F7033003C5A09 /* Constant.swift */ = {isa = PBXFileReference; lastKnownFileType = sourcecode.swift; path = Constant.swift; sourceTree = "<group>"; };
		56371393283F71E0003C5A09 /* ConnectCGMView.swift */ = {isa = PBXFileReference; lastKnownFileType = sourcecode.swift; path = ConnectCGMView.swift; sourceTree = "<group>"; };
		56371395283F7B92003C5A09 /* ConnectCGMViewModel.swift */ = {isa = PBXFileReference; lastKnownFileType = sourcecode.swift; path = ConnectCGMViewModel.swift; sourceTree = "<group>"; };
		56371397283FB92F003C5A09 /* SelectDeviceView.swift */ = {isa = PBXFileReference; lastKnownFileType = sourcecode.swift; path = SelectDeviceView.swift; sourceTree = "<group>"; };
		56371399283FC895003C5A09 /* EstablishConnectionView.swift */ = {isa = PBXFileReference; lastKnownFileType = sourcecode.swift; path = EstablishConnectionView.swift; sourceTree = "<group>"; };
		563713B32840E48F003C5A09 /* GenderType.swift */ = {isa = PBXFileReference; lastKnownFileType = sourcecode.swift; path = GenderType.swift; sourceTree = "<group>"; };
		563713B52840E732003C5A09 /* GlucoseType.swift */ = {isa = PBXFileReference; lastKnownFileType = sourcecode.swift; path = GlucoseType.swift; sourceTree = "<group>"; };
		563713B72840E8A9003C5A09 /* DiabetType.swift */ = {isa = PBXFileReference; lastKnownFileType = sourcecode.swift; path = DiabetType.swift; sourceTree = "<group>"; };
		563E02DB284DE9D800610F7C /* AppleProvider.swift */ = {isa = PBXFileReference; lastKnownFileType = sourcecode.swift; path = AppleProvider.swift; sourceTree = "<group>"; };
		563E02DD284DEA9400610F7C /* AppleInteractor.swift */ = {isa = PBXFileReference; lastKnownFileType = sourcecode.swift; path = AppleInteractor.swift; sourceTree = "<group>"; };
		563E02DF284E147E00610F7C /* UVIO.entitlements */ = {isa = PBXFileReference; lastKnownFileType = text.plist.entitlements; path = UVIO.entitlements; sourceTree = "<group>"; };
		563E02E3284E398000610F7C /* GoogleService-Info.plist */ = {isa = PBXFileReference; fileEncoding = 4; lastKnownFileType = text.plist.xml; path = "GoogleService-Info.plist"; sourceTree = "<group>"; };
		563E02E5284F3EAE00610F7C /* ASAuthorizationController+Ext.swift */ = {isa = PBXFileReference; lastKnownFileType = sourcecode.swift; path = "ASAuthorizationController+Ext.swift"; sourceTree = "<group>"; };
		563E02E9284F498900610F7C /* AuthFacebook+Ext.swift */ = {isa = PBXFileReference; lastKnownFileType = sourcecode.swift; path = "AuthFacebook+Ext.swift"; sourceTree = "<group>"; };
		563E02EB284F5D8300610F7C /* AuthGoogle+Ext.swift */ = {isa = PBXFileReference; lastKnownFileType = sourcecode.swift; path = "AuthGoogle+Ext.swift"; sourceTree = "<group>"; };
		5645D6AA28378C390081EA5A /* StoreUserInteractor.swift */ = {isa = PBXFileReference; lastKnownFileType = sourcecode.swift; path = StoreUserInteractor.swift; sourceTree = "<group>"; };
		5645D6AC283795560081EA5A /* UserViewModel.swift */ = {isa = PBXFileReference; lastKnownFileType = sourcecode.swift; path = UserViewModel.swift; sourceTree = "<group>"; };
		5645D6AF2837D73F0081EA5A /* String+Ext.swift */ = {isa = PBXFileReference; lastKnownFileType = sourcecode.swift; path = "String+Ext.swift"; sourceTree = "<group>"; };
		5659428B28573C8700A1A168 /* SignUpFlow.swift */ = {isa = PBXFileReference; lastKnownFileType = sourcecode.swift; path = SignUpFlow.swift; sourceTree = "<group>"; };
		5659428D2857671300A1A168 /* SignInFlow.swift */ = {isa = PBXFileReference; lastKnownFileType = sourcecode.swift; path = SignInFlow.swift; sourceTree = "<group>"; };
		5659428F2857684400A1A168 /* LoginViewType.swift */ = {isa = PBXFileReference; lastKnownFileType = sourcecode.swift; path = LoginViewType.swift; sourceTree = "<group>"; };
		56598094283B789800669F15 /* FacebookProvider.swift */ = {isa = PBXFileReference; lastKnownFileType = sourcecode.swift; path = FacebookProvider.swift; sourceTree = "<group>"; };
		565BDF6D2851D505000BE00C /* MenuView.swift */ = {isa = PBXFileReference; lastKnownFileType = sourcecode.swift; path = MenuView.swift; sourceTree = "<group>"; };
		565BDF6F2851D92B000BE00C /* RoundedCorner.swift */ = {isa = PBXFileReference; lastKnownFileType = sourcecode.swift; path = RoundedCorner.swift; sourceTree = "<group>"; };
		565BDF712851E28D000BE00C /* MenuType.swift */ = {isa = PBXFileReference; lastKnownFileType = sourcecode.swift; path = MenuType.swift; sourceTree = "<group>"; };
		565FDCDE283BD45A004D9924 /* NativigationBarView.swift */ = {isa = PBXFileReference; lastKnownFileType = sourcecode.swift; path = NativigationBarView.swift; sourceTree = "<group>"; };
		565FDCE0283BDA29004D9924 /* View+Ext.swift */ = {isa = PBXFileReference; lastKnownFileType = sourcecode.swift; path = "View+Ext.swift"; sourceTree = "<group>"; };
		56749FA5283BAA0C00A2D4B7 /* ToastView.swift */ = {isa = PBXFileReference; lastKnownFileType = sourcecode.swift; path = ToastView.swift; sourceTree = "<group>"; };
		568C17122836259500C77384 /* swiftui-xcassets-template.stencil */ = {isa = PBXFileReference; fileEncoding = 4; lastKnownFileType = text; path = "swiftui-xcassets-template.stencil"; sourceTree = "<group>"; };
		568C1714283641B300C77384 /* StateButton.swift */ = {isa = PBXFileReference; lastKnownFileType = sourcecode.swift; path = StateButton.swift; sourceTree = "<group>"; };
		568C171728364DDB00C77384 /* EmailSignUpView.swift */ = {isa = PBXFileReference; lastKnownFileType = sourcecode.swift; path = EmailSignUpView.swift; sourceTree = "<group>"; };
		568C171B28368AAD00C77384 /* User.swift */ = {isa = PBXFileReference; lastKnownFileType = sourcecode.swift; path = User.swift; sourceTree = "<group>"; };
		568C17212836949D00C77384 /* StoreProvider.swift */ = {isa = PBXFileReference; lastKnownFileType = sourcecode.swift; path = StoreProvider.swift; sourceTree = "<group>"; };
		568C172428369B6200C77384 /* swiftlint.yml */ = {isa = PBXFileReference; fileEncoding = 4; lastKnownFileType = text.yaml; path = swiftlint.yml; sourceTree = "<group>"; };
		56953FC6283259C90025C1A2 /* Poppins-Medium.ttf */ = {isa = PBXFileReference; lastKnownFileType = file; path = "Poppins-Medium.ttf"; sourceTree = "<group>"; };
		56953FC7283259C90025C1A2 /* Poppins-Italic.ttf */ = {isa = PBXFileReference; lastKnownFileType = file; path = "Poppins-Italic.ttf"; sourceTree = "<group>"; };
		56953FC8283259C90025C1A2 /* Poppins-Bold.ttf */ = {isa = PBXFileReference; lastKnownFileType = file; path = "Poppins-Bold.ttf"; sourceTree = "<group>"; };
		56953FC9283259C90025C1A2 /* Poppins-Regular.ttf */ = {isa = PBXFileReference; lastKnownFileType = file; path = "Poppins-Regular.ttf"; sourceTree = "<group>"; };
		56953FCA283259C90025C1A2 /* Poppins-SemiBold.ttf */ = {isa = PBXFileReference; lastKnownFileType = file; path = "Poppins-SemiBold.ttf"; sourceTree = "<group>"; };
		56953FD02832745C0025C1A2 /* NameOnboardingView.swift */ = {isa = PBXFileReference; lastKnownFileType = sourcecode.swift; path = NameOnboardingView.swift; sourceTree = "<group>"; };
		56A8534E28322350000DFE3D /* UVIO.app */ = {isa = PBXFileReference; explicitFileType = wrapper.application; includeInIndex = 0; path = UVIO.app; sourceTree = BUILT_PRODUCTS_DIR; };
		56A8535128322350000DFE3D /* AppDelegate.swift */ = {isa = PBXFileReference; lastKnownFileType = sourcecode.swift; path = AppDelegate.swift; sourceTree = "<group>"; };
		56A8535328322350000DFE3D /* SceneDelegate.swift */ = {isa = PBXFileReference; lastKnownFileType = sourcecode.swift; path = SceneDelegate.swift; sourceTree = "<group>"; };
		56A8535F28322351000DFE3D /* Info.plist */ = {isa = PBXFileReference; lastKnownFileType = text.plist.xml; path = Info.plist; sourceTree = "<group>"; };
		56A8537328323934000DFE3D /* SplashView.swift */ = {isa = PBXFileReference; lastKnownFileType = sourcecode.swift; path = SplashView.swift; sourceTree = "<group>"; };
		56C0A7462848AB67001D5D00 /* DexComProvider.swift */ = {isa = PBXFileReference; lastKnownFileType = sourcecode.swift; path = DexComProvider.swift; sourceTree = "<group>"; };
		56C0A7482848AB8C001D5D00 /* DexcomInteractor.swift */ = {isa = PBXFileReference; lastKnownFileType = sourcecode.swift; path = DexcomInteractor.swift; sourceTree = "<group>"; };
		56C0A74D28490BB1001D5D00 /* OAuth+Ext.swift */ = {isa = PBXFileReference; lastKnownFileType = sourcecode.swift; path = "OAuth+Ext.swift"; sourceTree = "<group>"; };
		56C771FD283553BC0000E579 /* swiftgen.yml */ = {isa = PBXFileReference; fileEncoding = 4; lastKnownFileType = text.yaml; path = swiftgen.yml; sourceTree = SOURCE_ROOT; };
		56C77200283554FE0000E579 /* Colors.xcassets */ = {isa = PBXFileReference; lastKnownFileType = folder.assetcatalog; path = Colors.xcassets; sourceTree = "<group>"; };
		56C77203283556B60000E579 /* XCAssets+Generated.swift */ = {isa = PBXFileReference; fileEncoding = 4; lastKnownFileType = sourcecode.swift; path = "XCAssets+Generated.swift"; sourceTree = "<group>"; };
		56C7720528355A040000E579 /* Strings+Generated.swift */ = {isa = PBXFileReference; fileEncoding = 4; lastKnownFileType = sourcecode.swift; path = "Strings+Generated.swift"; sourceTree = "<group>"; };
		56C7720828355AEB0000E579 /* Base */ = {isa = PBXFileReference; lastKnownFileType = text.plist.strings; name = Base; path = Base.lproj/Base.strings; sourceTree = "<group>"; };
		56C7720E2835642B0000E579 /* fonts_swift5_swiftui.stencil */ = {isa = PBXFileReference; fileEncoding = 4; lastKnownFileType = text; path = fonts_swift5_swiftui.stencil; sourceTree = "<group>"; };
		56C772102835645A0000E579 /* Fonts+Generated.swift */ = {isa = PBXFileReference; fileEncoding = 4; lastKnownFileType = sourcecode.swift; path = "Fonts+Generated.swift"; sourceTree = "<group>"; };
		56C9315A2850820D001E26AD /* MainView.swift */ = {isa = PBXFileReference; lastKnownFileType = sourcecode.swift; path = MainView.swift; sourceTree = "<group>"; };
		56C9315C2850CEBE001E26AD /* MainViewModel.swift */ = {isa = PBXFileReference; lastKnownFileType = sourcecode.swift; path = MainViewModel.swift; sourceTree = "<group>"; };
		56CA6D83285C7B4F0097DF69 /* LogBGLevelView.swift */ = {isa = PBXFileReference; lastKnownFileType = sourcecode.swift; path = LogBGLevelView.swift; sourceTree = "<group>"; };
		56CA6D85285CA4400097DF69 /* TextField+Ext.swift */ = {isa = PBXFileReference; lastKnownFileType = sourcecode.swift; path = "TextField+Ext.swift"; sourceTree = "<group>"; };
		56CA6D89285CC4A90097DF69 /* Date+Ext.swift */ = {isa = PBXFileReference; lastKnownFileType = sourcecode.swift; path = "Date+Ext.swift"; sourceTree = "<group>"; };
		56D95818283390180053E65C /* Assets.xcassets */ = {isa = PBXFileReference; lastKnownFileType = folder.assetcatalog; path = Assets.xcassets; sourceTree = "<group>"; };
		56D9581B283392AA0053E65C /* CommonViews.swift */ = {isa = PBXFileReference; lastKnownFileType = sourcecode.swift; path = CommonViews.swift; sourceTree = "<group>"; };
		56D9581F28339CBD0053E65C /* DatePickerView.swift */ = {isa = PBXFileReference; lastKnownFileType = sourcecode.swift; path = DatePickerView.swift; sourceTree = "<group>"; };
		56D958212833D3430053E65C /* GenderOnboardingView.swift */ = {isa = PBXFileReference; lastKnownFileType = sourcecode.swift; path = GenderOnboardingView.swift; sourceTree = "<group>"; };
		56E2867E28354EAE0095FD9F /* SignUpView.swift */ = {isa = PBXFileReference; lastKnownFileType = sourcecode.swift; path = SignUpView.swift; sourceTree = "<group>"; };
		56E537BE283E950900929282 /* GoogleInteractor.swift */ = {isa = PBXFileReference; lastKnownFileType = sourcecode.swift; path = GoogleInteractor.swift; sourceTree = "<group>"; };
		56E537C0283E958300929282 /* GoogleProvider.swift */ = {isa = PBXFileReference; lastKnownFileType = sourcecode.swift; path = GoogleProvider.swift; sourceTree = "<group>"; };
		56E537C4283E960300929282 /* Provider.swift */ = {isa = PBXFileReference; lastKnownFileType = sourcecode.swift; path = Provider.swift; sourceTree = "<group>"; };
		56E537C9283E998E00929282 /* DependencyProvider.swift */ = {isa = PBXFileReference; lastKnownFileType = sourcecode.swift; path = DependencyProvider.swift; sourceTree = "<group>"; };
		56E55F35283CBC2D0085D4DD /* RecoveryEmailView.swift */ = {isa = PBXFileReference; lastKnownFileType = sourcecode.swift; path = RecoveryEmailView.swift; sourceTree = "<group>"; };
		56E55F37283CC0A90085D4DD /* CheckInboxView.swift */ = {isa = PBXFileReference; lastKnownFileType = sourcecode.swift; path = CheckInboxView.swift; sourceTree = "<group>"; };
		56E55F39283CC3E90085D4DD /* NewPasswordView.swift */ = {isa = PBXFileReference; lastKnownFileType = sourcecode.swift; path = NewPasswordView.swift; sourceTree = "<group>"; };
		56E55F3B283CC5D80085D4DD /* NewPasswordSuccessView.swift */ = {isa = PBXFileReference; lastKnownFileType = sourcecode.swift; path = NewPasswordSuccessView.swift; sourceTree = "<group>"; };
		56E6F18F283D24A500623AE2 /* FacebookInteractor.swift */ = {isa = PBXFileReference; lastKnownFileType = sourcecode.swift; path = FacebookInteractor.swift; sourceTree = "<group>"; };
		56E6F194283D458900623AE2 /* SlimLogglyDestinationConfig.swift */ = {isa = PBXFileReference; fileEncoding = 4; lastKnownFileType = sourcecode.swift; path = SlimLogglyDestinationConfig.swift; sourceTree = "<group>"; };
		56E6F195283D458900623AE2 /* SlimLogglyDestination.swift */ = {isa = PBXFileReference; fileEncoding = 4; lastKnownFileType = sourcecode.swift; path = SlimLogglyDestination.swift; sourceTree = "<group>"; };
		56E6F196283D458900623AE2 /* Logger.swift */ = {isa = PBXFileReference; fileEncoding = 4; lastKnownFileType = sourcecode.swift; path = Logger.swift; sourceTree = "<group>"; };
		56E6F197283D458900623AE2 /* SlimLogger.swift */ = {isa = PBXFileReference; fileEncoding = 4; lastKnownFileType = sourcecode.swift; path = SlimLogger.swift; sourceTree = "<group>"; };
		56E6F198283D458900623AE2 /* SlimLoggerConfig.swift */ = {isa = PBXFileReference; fileEncoding = 4; lastKnownFileType = sourcecode.swift; path = SlimLoggerConfig.swift; sourceTree = "<group>"; };
/* End PBXFileReference section */

/* Begin PBXFrameworksBuildPhase section */
		56A8534B28322350000DFE3D /* Frameworks */ = {
			isa = PBXFrameworksBuildPhase;
			buildActionMask = 2147483647;
			files = (
				563E02E2284E396400610F7C /* FirebaseMessaging in Frameworks */,
				5659808F283B776C00669F15 /* RealmSwift in Frameworks */,
				563713B2283FD8FF003C5A09 /* GoogleSignIn in Frameworks */,
				56C0A7452848AA77001D5D00 /* OAuthSwift in Frameworks */,
				56598092283B77D700669F15 /* FacebookLogin in Frameworks */,
			);
			runOnlyForDeploymentPostprocessing = 0;
		};
/* End PBXFrameworksBuildPhase section */

/* Begin PBXGroup section */
		5637138A283F6E44003C5A09 /* Realm */ = {
			isa = PBXGroup;
			children = (
				5637138B283F6E51003C5A09 /* RealmProvider.swift */,
			);
			path = Realm;
			sourceTree = "<group>";
		};
		5637138F283F7022003C5A09 /* Constant */ = {
			isa = PBXGroup;
			children = (
				56371390283F7033003C5A09 /* Constant.swift */,
			);
			path = Constant;
			sourceTree = "<group>";
		};
		56371392283F71B9003C5A09 /* ConnectCGM */ = {
			isa = PBXGroup;
			children = (
				56371393283F71E0003C5A09 /* ConnectCGMView.swift */,
				56371397283FB92F003C5A09 /* SelectDeviceView.swift */,
				56371399283FC895003C5A09 /* EstablishConnectionView.swift */,
			);
			path = ConnectCGM;
			sourceTree = "<group>";
		};
		5645D6A7283788A70081EA5A /* Interactors */ = {
			isa = PBXGroup;
			children = (
				56E537C6283E98DB00929282 /* Store */,
				56E537C3283E95C300929282 /* Login */,
			);
			path = Interactors;
			sourceTree = "<group>";
		};
		5645D6AE2837D7290081EA5A /* Unit */ = {
			isa = PBXGroup;
			children = (
				5645D6AF2837D73F0081EA5A /* String+Ext.swift */,
				565FDCE0283BDA29004D9924 /* View+Ext.swift */,
				5633494528468A09004AE426 /* Int+Ext.swift */,
				56C0A74D28490BB1001D5D00 /* OAuth+Ext.swift */,
				563E02E5284F3EAE00610F7C /* ASAuthorizationController+Ext.swift */,
				563E02E9284F498900610F7C /* AuthFacebook+Ext.swift */,
				563E02EB284F5D8300610F7C /* AuthGoogle+Ext.swift */,
				56CA6D85285CA4400097DF69 /* TextField+Ext.swift */,
				56CA6D89285CC4A90097DF69 /* Date+Ext.swift */,
			);
			path = Unit;
			sourceTree = "<group>";
		};
		56598096283B896A00669F15 /* Login */ = {
			isa = PBXGroup;
			children = (
				5659428D2857671300A1A168 /* SignInFlow.swift */,
				56295BE1284A4F3D003811F5 /* SingInView.swift */,
				56E55F35283CBC2D0085D4DD /* RecoveryEmailView.swift */,
				56E55F37283CC0A90085D4DD /* CheckInboxView.swift */,
				56E55F39283CC3E90085D4DD /* NewPasswordView.swift */,
				56E55F3B283CC5D80085D4DD /* NewPasswordSuccessView.swift */,
			);
			path = Login;
			sourceTree = "<group>";
		};
		568C171628364DB400C77384 /* SignUp */ = {
			isa = PBXGroup;
			children = (
				56A8537328323934000DFE3D /* SplashView.swift */,
				56E2867E28354EAE0095FD9F /* SignUpView.swift */,
				568C171728364DDB00C77384 /* EmailSignUpView.swift */,
				56D958212833D3430053E65C /* GenderOnboardingView.swift */,
				56953FD02832745C0025C1A2 /* NameOnboardingView.swift */,
				5609ED782832AD1400A8B144 /* BirthDateOnboardingView.swift */,
				561238042834D35A00DCB87B /* DiabetsOnboardingView.swift */,
				562A6BB5284778AC002152B0 /* GlucoseUnitOnboardingView.swift */,
				5612380A283506A400DCB87B /* GlucoseAlertOnboardingView.swift */,
				562A6BB92847E134002152B0 /* CompleteOnboardingView.swift */,
				5659428B28573C8700A1A168 /* SignUpFlow.swift */,
			);
			path = SignUp;
			sourceTree = "<group>";
		};
		568C171D2836910700C77384 /* Services */ = {
			isa = PBXGroup;
			children = (
				5637138A283F6E44003C5A09 /* Realm */,
				56E537C9283E998E00929282 /* DependencyProvider.swift */,
				56E537C4283E960300929282 /* Provider.swift */,
				56E537C7283E98E400929282 /* Store */,
				56E537C2283E95B700929282 /* SingIn */,
				5623A10A283D49460097AF78 /* EnvironmentProvider.swift */,
			);
			path = Services;
			sourceTree = "<group>";
		};
		56953FC4283259470025C1A2 /* Resource */ = {
			isa = PBXGroup;
			children = (
				56C7720728355AEB0000E579 /* Base.strings */,
				56A8535F28322351000DFE3D /* Info.plist */,
				56953FC5283259950025C1A2 /* Poppins */,
				56D95818283390180053E65C /* Assets.xcassets */,
				56C77200283554FE0000E579 /* Colors.xcassets */,
			);
			path = Resource;
			sourceTree = "<group>";
		};
		56953FC5283259950025C1A2 /* Poppins */ = {
			isa = PBXGroup;
			children = (
				56953FC8283259C90025C1A2 /* Poppins-Bold.ttf */,
				56953FC7283259C90025C1A2 /* Poppins-Italic.ttf */,
				56953FC6283259C90025C1A2 /* Poppins-Medium.ttf */,
				56953FC9283259C90025C1A2 /* Poppins-Regular.ttf */,
				56953FCA283259C90025C1A2 /* Poppins-SemiBold.ttf */,
			);
			path = Poppins;
			sourceTree = "<group>";
		};
		56A8534528322350000DFE3D = {
			isa = PBXGroup;
			children = (
				568C172428369B6200C77384 /* swiftlint.yml */,
				56C771FD283553BC0000E579 /* swiftgen.yml */,
				56A8535028322350000DFE3D /* UVIO */,
				56A8534F28322350000DFE3D /* Products */,
			);
			sourceTree = "<group>";
		};
		56A8534F28322350000DFE3D /* Products */ = {
			isa = PBXGroup;
			children = (
				56A8534E28322350000DFE3D /* UVIO.app */,
			);
			name = Products;
			sourceTree = "<group>";
		};
		56A8535028322350000DFE3D /* UVIO */ = {
			isa = PBXGroup;
			children = (
				563E02DF284E147E00610F7C /* UVIO.entitlements */,
				563E02E3284E398000610F7C /* GoogleService-Info.plist */,
				5637138F283F7022003C5A09 /* Constant */,
				56E6F193283D456000623AE2 /* Logger */,
				5645D6AE2837D7290081EA5A /* Unit */,
				56C7720A28355DA20000E579 /* Templates */,
				56C77202283556520000E579 /* Generated */,
				56953FC4283259470025C1A2 /* Resource */,
				56A8536E283232C7000DFE3D /* Model */,
				56A8536D283232BE000DFE3D /* ViewModels */,
				56A8536828322874000DFE3D /* Views */,
				5645D6A7283788A70081EA5A /* Interactors */,
				568C171D2836910700C77384 /* Services */,
				56A8536528322492000DFE3D /* System */,
			);
			path = UVIO;
			sourceTree = "<group>";
		};
		56A8536528322492000DFE3D /* System */ = {
			isa = PBXGroup;
			children = (
				56A8535128322350000DFE3D /* AppDelegate.swift */,
				56A8535328322350000DFE3D /* SceneDelegate.swift */,
			);
			path = System;
			sourceTree = "<group>";
		};
		56A8536828322874000DFE3D /* Views */ = {
			isa = PBXGroup;
			children = (
				56A853692832287F000DFE3D /* Screens */,
			);
			path = Views;
			sourceTree = "<group>";
		};
		56A853692832287F000DFE3D /* Screens */ = {
			isa = PBXGroup;
			children = (
				56C93159285081FD001E26AD /* Main */,
				56371392283F71B9003C5A09 /* ConnectCGM */,
				56598096283B896A00669F15 /* Login */,
				568C171628364DB400C77384 /* SignUp */,
				56D9581A283392990053E65C /* Components */,
			);
			path = Screens;
			sourceTree = "<group>";
		};
		56A8536D283232BE000DFE3D /* ViewModels */ = {
			isa = PBXGroup;
			children = (
				5645D6AC283795560081EA5A /* UserViewModel.swift */,
				56371395283F7B92003C5A09 /* ConnectCGMViewModel.swift */,
				56C9315C2850CEBE001E26AD /* MainViewModel.swift */,
			);
			path = ViewModels;
			sourceTree = "<group>";
		};
		56A8536E283232C7000DFE3D /* Model */ = {
			isa = PBXGroup;
			children = (
				568C171B28368AAD00C77384 /* User.swift */,
				563713B32840E48F003C5A09 /* GenderType.swift */,
				563713B52840E732003C5A09 /* GlucoseType.swift */,
				563713B72840E8A9003C5A09 /* DiabetType.swift */,
				565BDF712851E28D000BE00C /* MenuType.swift */,
				562822B2284672CE00F0F6DC /* OnboardingViewType.swift */,
				5659428F2857684400A1A168 /* LoginViewType.swift */,
			);
			path = Model;
			sourceTree = "<group>";
		};
		56C77202283556520000E579 /* Generated */ = {
			isa = PBXGroup;
			children = (
				56C772102835645A0000E579 /* Fonts+Generated.swift */,
				56C7720528355A040000E579 /* Strings+Generated.swift */,
				56C77203283556B60000E579 /* XCAssets+Generated.swift */,
			);
			path = Generated;
			sourceTree = "<group>";
		};
		56C7720A28355DA20000E579 /* Templates */ = {
			isa = PBXGroup;
			children = (
				568C17122836259500C77384 /* swiftui-xcassets-template.stencil */,
				56C7720E2835642B0000E579 /* fonts_swift5_swiftui.stencil */,
			);
			path = Templates;
			sourceTree = "<group>";
		};
		56C93159285081FD001E26AD /* Main */ = {
			isa = PBXGroup;
			children = (
				56C9315A2850820D001E26AD /* MainView.swift */,
			);
			path = Main;
			sourceTree = "<group>";
		};
		56D9581A283392990053E65C /* Components */ = {
			isa = PBXGroup;
			children = (
				56D9581B283392AA0053E65C /* CommonViews.swift */,
				5612380C283520FB00DCB87B /* RangedSliderView.swift */,
				5612380E2835399000DCB87B /* SingleSliderView.swift */,
				568C1714283641B300C77384 /* StateButton.swift */,
				56D9581F28339CBD0053E65C /* DatePickerView.swift */,
				56749FA5283BAA0C00A2D4B7 /* ToastView.swift */,
				565FDCDE283BD45A004D9924 /* NativigationBarView.swift */,
				562822AC284622CB00F0F6DC /* KeyBoardHandler.swift */,
				562A6BB72847C53A002152B0 /* CustomizeToggleStyle.swift */,
				565BDF6D2851D505000BE00C /* MenuView.swift */,
				565BDF6F2851D92B000BE00C /* RoundedCorner.swift */,
				56CA6D83285C7B4F0097DF69 /* LogBGLevelView.swift */,
			);
			path = Components;
			sourceTree = "<group>";
		};
		56E537C2283E95B700929282 /* SingIn */ = {
			isa = PBXGroup;
			children = (
				56598094283B789800669F15 /* FacebookProvider.swift */,
				56E537C0283E958300929282 /* GoogleProvider.swift */,
				56C0A7462848AB67001D5D00 /* DexComProvider.swift */,
				563E02DB284DE9D800610F7C /* AppleProvider.swift */,
			);
			path = SingIn;
			sourceTree = "<group>";
		};
		56E537C3283E95C300929282 /* Login */ = {
			isa = PBXGroup;
			children = (
				56E6F18F283D24A500623AE2 /* FacebookInteractor.swift */,
				56E537BE283E950900929282 /* GoogleInteractor.swift */,
				56C0A7482848AB8C001D5D00 /* DexcomInteractor.swift */,
				563E02DD284DEA9400610F7C /* AppleInteractor.swift */,
			);
			path = Login;
			sourceTree = "<group>";
		};
		56E537C6283E98DB00929282 /* Store */ = {
			isa = PBXGroup;
			children = (
				5645D6AA28378C390081EA5A /* StoreUserInteractor.swift */,
			);
			path = Store;
			sourceTree = "<group>";
		};
		56E537C7283E98E400929282 /* Store */ = {
			isa = PBXGroup;
			children = (
				568C17212836949D00C77384 /* StoreProvider.swift */,
			);
			path = Store;
			sourceTree = "<group>";
		};
		56E6F193283D456000623AE2 /* Logger */ = {
			isa = PBXGroup;
			children = (
				56E6F196283D458900623AE2 /* Logger.swift */,
				56E6F197283D458900623AE2 /* SlimLogger.swift */,
				56E6F198283D458900623AE2 /* SlimLoggerConfig.swift */,
				56E6F195283D458900623AE2 /* SlimLogglyDestination.swift */,
				56E6F194283D458900623AE2 /* SlimLogglyDestinationConfig.swift */,
			);
			path = Logger;
			sourceTree = "<group>";
		};
/* End PBXGroup section */

/* Begin PBXNativeTarget section */
		56A8534D28322350000DFE3D /* UVIO */ = {
			isa = PBXNativeTarget;
			buildConfigurationList = 56A8536228322351000DFE3D /* Build configuration list for PBXNativeTarget "UVIO" */;
			buildPhases = (
				56A8534A28322350000DFE3D /* Sources */,
				56A8534B28322350000DFE3D /* Frameworks */,
				56A8534C28322350000DFE3D /* Resources */,
				56C771FF2835543D0000E579 /* SwiftGen */,
				568C17232836998400C77384 /* SwiftLint */,
			);
			buildRules = (
			);
			dependencies = (
			);
			name = UVIO;
			packageProductDependencies = (
				5659808E283B776C00669F15 /* RealmSwift */,
				56598091283B77D700669F15 /* FacebookLogin */,
				563713B1283FD8FF003C5A09 /* GoogleSignIn */,
				56C0A7442848AA77001D5D00 /* OAuthSwift */,
				563E02E1284E396400610F7C /* FirebaseMessaging */,
			);
			productName = UVIO;
			productReference = 56A8534E28322350000DFE3D /* UVIO.app */;
			productType = "com.apple.product-type.application";
		};
/* End PBXNativeTarget section */

/* Begin PBXProject section */
		56A8534628322350000DFE3D /* Project object */ = {
			isa = PBXProject;
			attributes = {
				BuildIndependentTargetsInParallel = 1;
				LastSwiftUpdateCheck = 1320;
				LastUpgradeCheck = 1320;
				TargetAttributes = {
					56A8534D28322350000DFE3D = {
						CreatedOnToolsVersion = 13.2.1;
					};
				};
			};
			buildConfigurationList = 56A8534928322350000DFE3D /* Build configuration list for PBXProject "UVIO" */;
			compatibilityVersion = "Xcode 13.0";
			developmentRegion = en;
			hasScannedForEncodings = 0;
			knownRegions = (
				en,
				Base,
			);
			mainGroup = 56A8534528322350000DFE3D;
			packageReferences = (
				5659808A283B771600669F15 /* XCRemoteSwiftPackageReference "Resolver" */,
				5659808D283B776C00669F15 /* XCRemoteSwiftPackageReference "realm-swift" */,
				56598090283B77D700669F15 /* XCRemoteSwiftPackageReference "facebook-ios-sdk" */,
				563713B0283FD8FF003C5A09 /* XCRemoteSwiftPackageReference "GoogleSignIn-iOS" */,
				56C0A7432848AA77001D5D00 /* XCRemoteSwiftPackageReference "OAuthSwift" */,
				563E02E0284E396400610F7C /* XCRemoteSwiftPackageReference "firebase-ios-sdk" */,
			);
			productRefGroup = 56A8534F28322350000DFE3D /* Products */;
			projectDirPath = "";
			projectRoot = "";
			targets = (
				56A8534D28322350000DFE3D /* UVIO */,
			);
		};
/* End PBXProject section */

/* Begin PBXResourcesBuildPhase section */
		56A8534C28322350000DFE3D /* Resources */ = {
			isa = PBXResourcesBuildPhase;
			buildActionMask = 2147483647;
			files = (
				563E02E4284E398000610F7C /* GoogleService-Info.plist in Resources */,
				56953FCD283259C90025C1A2 /* Poppins-Bold.ttf in Resources */,
				568C172528369B6200C77384 /* swiftlint.yml in Resources */,
				56C7720F2835642B0000E579 /* fonts_swift5_swiftui.stencil in Resources */,
				56C771FE283553BC0000E579 /* swiftgen.yml in Resources */,
				56953FCE283259C90025C1A2 /* Poppins-Regular.ttf in Resources */,
				56953FCB283259C90025C1A2 /* Poppins-Medium.ttf in Resources */,
				56953FCF283259C90025C1A2 /* Poppins-SemiBold.ttf in Resources */,
				56D95819283390180053E65C /* Assets.xcassets in Resources */,
				56C77201283554FE0000E579 /* Colors.xcassets in Resources */,
				56C7720928355AEB0000E579 /* Base.strings in Resources */,
				56953FCC283259C90025C1A2 /* Poppins-Italic.ttf in Resources */,
				568C17132836259500C77384 /* swiftui-xcassets-template.stencil in Resources */,
			);
			runOnlyForDeploymentPostprocessing = 0;
		};
/* End PBXResourcesBuildPhase section */

/* Begin PBXShellScriptBuildPhase section */
		568C17232836998400C77384 /* SwiftLint */ = {
			isa = PBXShellScriptBuildPhase;
			buildActionMask = 2147483647;
			files = (
			);
			inputFileListPaths = (
			);
			inputPaths = (
			);
			name = SwiftLint;
			outputFileListPaths = (
			);
			outputPaths = (
			);
			runOnlyForDeploymentPostprocessing = 0;
			shellPath = /bin/sh;
			shellScript = "export PATH=\"$PATH:/opt/homebrew/bin\"\nif which swiftlint > /dev/null; then\n  swiftlint\nelse\n  echo \"warning: SwiftLint not installed, download from https://github.com/realm/SwiftLint\"\nfi\n";
		};
		56C771FF2835543D0000E579 /* SwiftGen */ = {
			isa = PBXShellScriptBuildPhase;
			buildActionMask = 2147483647;
			files = (
			);
			inputFileListPaths = (
			);
			inputPaths = (
			);
			name = SwiftGen;
			outputFileListPaths = (
			);
			outputPaths = (
			);
			runOnlyForDeploymentPostprocessing = 0;
			shellPath = /bin/sh;
			shellScript = "export PATH=\"$PATH:/opt/homebrew/bin\"\nif which swiftgen >/dev/null; then\n  swiftgen\nelse\n  echo \"warning: SwiftGen not installed, download it from https://github.com/SwiftGen/SwiftGen\"\nfi\n";
		};
/* End PBXShellScriptBuildPhase section */

/* Begin PBXSourcesBuildPhase section */
		56A8534A28322350000DFE3D /* Sources */ = {
			isa = PBXSourcesBuildPhase;
			buildActionMask = 2147483647;
			files = (
				565BDF722851E28D000BE00C /* MenuType.swift in Sources */,
				56E6F19A283D458900623AE2 /* SlimLogglyDestination.swift in Sources */,
				56E537BF283E950900929282 /* GoogleInteractor.swift in Sources */,
				568C1715283641B300C77384 /* StateButton.swift in Sources */,
				56E2867F28354EAE0095FD9F /* SignUpView.swift in Sources */,
				56A8535228322350000DFE3D /* AppDelegate.swift in Sources */,
				56E55F3A283CC3E90085D4DD /* NewPasswordView.swift in Sources */,
				56E55F36283CBC2D0085D4DD /* RecoveryEmailView.swift in Sources */,
				5633494628468A09004AE426 /* Int+Ext.swift in Sources */,
				5645D6B02837D73F0081EA5A /* String+Ext.swift in Sources */,
				562822AD284622CB00F0F6DC /* KeyBoardHandler.swift in Sources */,
				56E6F19B283D458900623AE2 /* Logger.swift in Sources */,
				56749FA6283BAA0C00A2D4B7 /* ToastView.swift in Sources */,
				5637139A283FC895003C5A09 /* EstablishConnectionView.swift in Sources */,
				56A8537428323934000DFE3D /* SplashView.swift in Sources */,
				563E02EC284F5D8400610F7C /* AuthGoogle+Ext.swift in Sources */,
				568C171C28368AAD00C77384 /* User.swift in Sources */,
				565FDCDF283BD45A004D9924 /* NativigationBarView.swift in Sources */,
				5659428C28573C8700A1A168 /* SignUpFlow.swift in Sources */,
				56CA6D86285CA4400097DF69 /* TextField+Ext.swift in Sources */,
				561238052834D35A00DCB87B /* DiabetsOnboardingView.swift in Sources */,
				5612380D283520FB00DCB87B /* RangedSliderView.swift in Sources */,
				562A6BB6284778AC002152B0 /* GlucoseUnitOnboardingView.swift in Sources */,
				56371391283F7033003C5A09 /* Constant.swift in Sources */,
				56E537C5283E960300929282 /* Provider.swift in Sources */,
				5612380F2835399000DCB87B /* SingleSliderView.swift in Sources */,
				56E55F38283CC0A90085D4DD /* CheckInboxView.swift in Sources */,
				563E02EA284F498900610F7C /* AuthFacebook+Ext.swift in Sources */,
				56C772112835645A0000E579 /* Fonts+Generated.swift in Sources */,
				562A6BBA2847E134002152B0 /* CompleteOnboardingView.swift in Sources */,
				563E02E6284F3EAE00610F7C /* ASAuthorizationController+Ext.swift in Sources */,
				565BDF702851D92B000BE00C /* RoundedCorner.swift in Sources */,
				56371394283F71E0003C5A09 /* ConnectCGMView.swift in Sources */,
				563713B82840E8A9003C5A09 /* DiabetType.swift in Sources */,
				56E55F3C283CC5D80085D4DD /* NewPasswordSuccessView.swift in Sources */,
				56E6F19C283D458900623AE2 /* SlimLogger.swift in Sources */,
				56C7720628355A040000E579 /* Strings+Generated.swift in Sources */,
				562822B3284672CE00F0F6DC /* OnboardingViewType.swift in Sources */,
				56E537C1283E958300929282 /* GoogleProvider.swift in Sources */,
				565BDF6E2851D505000BE00C /* MenuView.swift in Sources */,
				56E6F199283D458900623AE2 /* SlimLogglyDestinationConfig.swift in Sources */,
				56C77204283556B60000E579 /* XCAssets+Generated.swift in Sources */,
				56295BE2284A4F3D003811F5 /* SingInView.swift in Sources */,
				568C17222836949D00C77384 /* StoreProvider.swift in Sources */,
				5623A10B283D49460097AF78 /* EnvironmentProvider.swift in Sources */,
				563713B42840E48F003C5A09 /* GenderType.swift in Sources */,
				56D958222833D3430053E65C /* GenderOnboardingView.swift in Sources */,
				56C0A7472848AB67001D5D00 /* DexComProvider.swift in Sources */,
				56E6F190283D24A500623AE2 /* FacebookInteractor.swift in Sources */,
				56C9315D2850CEBE001E26AD /* MainViewModel.swift in Sources */,
				56D9581C283392AA0053E65C /* CommonViews.swift in Sources */,
				56C9315B2850820D001E26AD /* MainView.swift in Sources */,
				56E537CA283E998E00929282 /* DependencyProvider.swift in Sources */,
				563E02DC284DE9D800610F7C /* AppleProvider.swift in Sources */,
				5612380B283506A400DCB87B /* GlucoseAlertOnboardingView.swift in Sources */,
				56598095283B789800669F15 /* FacebookProvider.swift in Sources */,
				56C0A74E28490BB1001D5D00 /* OAuth+Ext.swift in Sources */,
				563E02DE284DEA9400610F7C /* AppleInteractor.swift in Sources */,
				56371398283FB92F003C5A09 /* SelectDeviceView.swift in Sources */,
				56D9582028339CBD0053E65C /* DatePickerView.swift in Sources */,
				563713B62840E732003C5A09 /* GlucoseType.swift in Sources */,
				56CA6D8A285CC4A90097DF69 /* Date+Ext.swift in Sources */,
				5637138C283F6E51003C5A09 /* RealmProvider.swift in Sources */,
				5645D6AD283795560081EA5A /* UserViewModel.swift in Sources */,
				56C0A7492848AB8C001D5D00 /* DexcomInteractor.swift in Sources */,
				565FDCE1283BDA29004D9924 /* View+Ext.swift in Sources */,
				5609ED792832AD1400A8B144 /* BirthDateOnboardingView.swift in Sources */,
				5645D6AB28378C390081EA5A /* StoreUserInteractor.swift in Sources */,
				56371396283F7B92003C5A09 /* ConnectCGMViewModel.swift in Sources */,
				562A6BB82847C53A002152B0 /* CustomizeToggleStyle.swift in Sources */,
				56CA6D84285C7B4F0097DF69 /* LogBGLevelView.swift in Sources */,
				5659428E2857671300A1A168 /* SignInFlow.swift in Sources */,
				56953FD12832745C0025C1A2 /* NameOnboardingView.swift in Sources */,
				56E6F19D283D458900623AE2 /* SlimLoggerConfig.swift in Sources */,
				56A8535428322350000DFE3D /* SceneDelegate.swift in Sources */,
				565942902857684400A1A168 /* LoginViewType.swift in Sources */,
				568C171828364DDB00C77384 /* EmailSignUpView.swift in Sources */,
			);
			runOnlyForDeploymentPostprocessing = 0;
		};
/* End PBXSourcesBuildPhase section */

/* Begin PBXVariantGroup section */
		56C7720728355AEB0000E579 /* Base.strings */ = {
			isa = PBXVariantGroup;
			children = (
				56C7720828355AEB0000E579 /* Base */,
			);
			name = Base.strings;
			sourceTree = "<group>";
		};
/* End PBXVariantGroup section */

/* Begin XCBuildConfiguration section */
		56A8536028322351000DFE3D /* DEV */ = {
			isa = XCBuildConfiguration;
			buildSettings = {
				ALWAYS_SEARCH_USER_PATHS = NO;
				CLANG_ANALYZER_NONNULL = YES;
				CLANG_ANALYZER_NUMBER_OBJECT_CONVERSION = YES_AGGRESSIVE;
				CLANG_CXX_LANGUAGE_STANDARD = "gnu++17";
				CLANG_CXX_LIBRARY = "libc++";
				CLANG_ENABLE_MODULES = YES;
				CLANG_ENABLE_OBJC_ARC = YES;
				CLANG_ENABLE_OBJC_WEAK = YES;
				CLANG_WARN_BLOCK_CAPTURE_AUTORELEASING = YES;
				CLANG_WARN_BOOL_CONVERSION = YES;
				CLANG_WARN_COMMA = YES;
				CLANG_WARN_CONSTANT_CONVERSION = YES;
				CLANG_WARN_DEPRECATED_OBJC_IMPLEMENTATIONS = YES;
				CLANG_WARN_DIRECT_OBJC_ISA_USAGE = YES_ERROR;
				CLANG_WARN_DOCUMENTATION_COMMENTS = YES;
				CLANG_WARN_EMPTY_BODY = YES;
				CLANG_WARN_ENUM_CONVERSION = YES;
				CLANG_WARN_INFINITE_RECURSION = YES;
				CLANG_WARN_INT_CONVERSION = YES;
				CLANG_WARN_NON_LITERAL_NULL_CONVERSION = YES;
				CLANG_WARN_OBJC_IMPLICIT_RETAIN_SELF = YES;
				CLANG_WARN_OBJC_LITERAL_CONVERSION = YES;
				CLANG_WARN_OBJC_ROOT_CLASS = YES_ERROR;
				CLANG_WARN_QUOTED_INCLUDE_IN_FRAMEWORK_HEADER = YES;
				CLANG_WARN_RANGE_LOOP_ANALYSIS = YES;
				CLANG_WARN_STRICT_PROTOTYPES = YES;
				CLANG_WARN_SUSPICIOUS_MOVE = YES;
				CLANG_WARN_UNGUARDED_AVAILABILITY = YES_AGGRESSIVE;
				CLANG_WARN_UNREACHABLE_CODE = YES;
				CLANG_WARN__DUPLICATE_METHOD_MATCH = YES;
				COPY_PHASE_STRIP = NO;
				DEBUG_INFORMATION_FORMAT = dwarf;
				ENABLE_STRICT_OBJC_MSGSEND = YES;
				ENABLE_TESTABILITY = YES;
				GCC_C_LANGUAGE_STANDARD = gnu11;
				GCC_DYNAMIC_NO_PIC = NO;
				GCC_NO_COMMON_BLOCKS = YES;
				GCC_OPTIMIZATION_LEVEL = 0;
				GCC_PREPROCESSOR_DEFINITIONS = (
					"DEBUG=1",
					"$(inherited)",
				);
				GCC_WARN_64_TO_32_BIT_CONVERSION = YES;
				GCC_WARN_ABOUT_RETURN_TYPE = YES_ERROR;
				GCC_WARN_UNDECLARED_SELECTOR = YES;
				GCC_WARN_UNINITIALIZED_AUTOS = YES_AGGRESSIVE;
				GCC_WARN_UNUSED_FUNCTION = YES;
				GCC_WARN_UNUSED_VARIABLE = YES;
				IPHONEOS_DEPLOYMENT_TARGET = 15.2;
				MTL_ENABLE_DEBUG_INFO = INCLUDE_SOURCE;
				MTL_FAST_MATH = YES;
				ONLY_ACTIVE_ARCH = YES;
				SDKROOT = iphoneos;
				SWIFT_ACTIVE_COMPILATION_CONDITIONS = DEBUG;
				SWIFT_OPTIMIZATION_LEVEL = "-Onone";
			};
			name = DEV;
		};
		56A8536128322351000DFE3D /* PROD */ = {
			isa = XCBuildConfiguration;
			buildSettings = {
				ALWAYS_SEARCH_USER_PATHS = NO;
				CLANG_ANALYZER_NONNULL = YES;
				CLANG_ANALYZER_NUMBER_OBJECT_CONVERSION = YES_AGGRESSIVE;
				CLANG_CXX_LANGUAGE_STANDARD = "gnu++17";
				CLANG_CXX_LIBRARY = "libc++";
				CLANG_ENABLE_MODULES = YES;
				CLANG_ENABLE_OBJC_ARC = YES;
				CLANG_ENABLE_OBJC_WEAK = YES;
				CLANG_WARN_BLOCK_CAPTURE_AUTORELEASING = YES;
				CLANG_WARN_BOOL_CONVERSION = YES;
				CLANG_WARN_COMMA = YES;
				CLANG_WARN_CONSTANT_CONVERSION = YES;
				CLANG_WARN_DEPRECATED_OBJC_IMPLEMENTATIONS = YES;
				CLANG_WARN_DIRECT_OBJC_ISA_USAGE = YES_ERROR;
				CLANG_WARN_DOCUMENTATION_COMMENTS = YES;
				CLANG_WARN_EMPTY_BODY = YES;
				CLANG_WARN_ENUM_CONVERSION = YES;
				CLANG_WARN_INFINITE_RECURSION = YES;
				CLANG_WARN_INT_CONVERSION = YES;
				CLANG_WARN_NON_LITERAL_NULL_CONVERSION = YES;
				CLANG_WARN_OBJC_IMPLICIT_RETAIN_SELF = YES;
				CLANG_WARN_OBJC_LITERAL_CONVERSION = YES;
				CLANG_WARN_OBJC_ROOT_CLASS = YES_ERROR;
				CLANG_WARN_QUOTED_INCLUDE_IN_FRAMEWORK_HEADER = YES;
				CLANG_WARN_RANGE_LOOP_ANALYSIS = YES;
				CLANG_WARN_STRICT_PROTOTYPES = YES;
				CLANG_WARN_SUSPICIOUS_MOVE = YES;
				CLANG_WARN_UNGUARDED_AVAILABILITY = YES_AGGRESSIVE;
				CLANG_WARN_UNREACHABLE_CODE = YES;
				CLANG_WARN__DUPLICATE_METHOD_MATCH = YES;
				COPY_PHASE_STRIP = NO;
				DEBUG_INFORMATION_FORMAT = "dwarf-with-dsym";
				ENABLE_NS_ASSERTIONS = NO;
				ENABLE_STRICT_OBJC_MSGSEND = YES;
				GCC_C_LANGUAGE_STANDARD = gnu11;
				GCC_NO_COMMON_BLOCKS = YES;
				GCC_WARN_64_TO_32_BIT_CONVERSION = YES;
				GCC_WARN_ABOUT_RETURN_TYPE = YES_ERROR;
				GCC_WARN_UNDECLARED_SELECTOR = YES;
				GCC_WARN_UNINITIALIZED_AUTOS = YES_AGGRESSIVE;
				GCC_WARN_UNUSED_FUNCTION = YES;
				GCC_WARN_UNUSED_VARIABLE = YES;
				IPHONEOS_DEPLOYMENT_TARGET = 15.2;
				MTL_ENABLE_DEBUG_INFO = NO;
				MTL_FAST_MATH = YES;
				SDKROOT = iphoneos;
				SWIFT_COMPILATION_MODE = wholemodule;
				SWIFT_OPTIMIZATION_LEVEL = "-O";
				VALIDATE_PRODUCT = YES;
			};
			name = PROD;
		};
		56A8536328322351000DFE3D /* DEV */ = {
			isa = XCBuildConfiguration;
			buildSettings = {
				ASSETCATALOG_COMPILER_APPICON_NAME = AppIcon;
				ASSETCATALOG_COMPILER_GLOBAL_ACCENT_COLOR_NAME = AccentColor;
				ASSETCATALOG_COMPILER_INCLUDE_ALL_APPICON_ASSETS = YES;
				CODE_SIGN_ENTITLEMENTS = UVIO/UVIO.entitlements;
				CODE_SIGN_IDENTITY = "Apple Development";
				CODE_SIGN_STYLE = Automatic;
				CURRENT_PROJECT_VERSION = 1;
				DEVELOPMENT_TEAM = 8XRN8AF3HH;
				ENV = DEV;
				GENERATE_INFOPLIST_FILE = YES;
				INFOPLIST_FILE = UVIO/Resource/Info.plist;
				INFOPLIST_KEY_UIApplicationSupportsIndirectInputEvents = YES;
				INFOPLIST_KEY_UISupportedInterfaceOrientations = UIInterfaceOrientationPortrait;
				INFOPLIST_KEY_UISupportedInterfaceOrientations_iPad = "UIInterfaceOrientationPortrait UIInterfaceOrientationPortraitUpsideDown UIInterfaceOrientationLandscapeLeft UIInterfaceOrientationLandscapeRight";
				INFOPLIST_KEY_UISupportedInterfaceOrientations_iPhone = UIInterfaceOrientationPortrait;
				INFOPLIST_KEY_UIUserInterfaceStyle = Light;
				IPHONEOS_DEPLOYMENT_TARGET = 14.0;
				LD_RUNPATH_SEARCH_PATHS = (
					"$(inherited)",
					"@executable_path/Frameworks",
				);
				MARKETING_VERSION = 0.0.1;
				PRODUCT_BUNDLE_IDENTIFIER = com.cone.uvio;
				PRODUCT_NAME = "$(TARGET_NAME)";
				PROVISIONING_PROFILE_SPECIFIER = "";
				SWIFT_EMIT_LOC_STRINGS = YES;
				SWIFT_VERSION = 5.0;
				TARGETED_DEVICE_FAMILY = 1;
			};
			name = DEV;
		};
		56A8536428322351000DFE3D /* PROD */ = {
			isa = XCBuildConfiguration;
			buildSettings = {
				ASSETCATALOG_COMPILER_APPICON_NAME = AppIcon;
				ASSETCATALOG_COMPILER_GLOBAL_ACCENT_COLOR_NAME = AccentColor;
				ASSETCATALOG_COMPILER_INCLUDE_ALL_APPICON_ASSETS = YES;
				CODE_SIGN_ENTITLEMENTS = UVIO/UVIO.entitlements;
				CODE_SIGN_IDENTITY = "Apple Development";
				CODE_SIGN_STYLE = Automatic;
				CURRENT_PROJECT_VERSION = 1;
				DEVELOPMENT_TEAM = 8XRN8AF3HH;
				ENV = PROD;
				GENERATE_INFOPLIST_FILE = YES;
				INFOPLIST_FILE = UVIO/Resource/Info.plist;
				INFOPLIST_KEY_UIApplicationSupportsIndirectInputEvents = YES;
				INFOPLIST_KEY_UISupportedInterfaceOrientations = UIInterfaceOrientationPortrait;
				INFOPLIST_KEY_UISupportedInterfaceOrientations_iPad = "UIInterfaceOrientationPortrait UIInterfaceOrientationPortraitUpsideDown UIInterfaceOrientationLandscapeLeft UIInterfaceOrientationLandscapeRight";
				INFOPLIST_KEY_UISupportedInterfaceOrientations_iPhone = UIInterfaceOrientationPortrait;
				INFOPLIST_KEY_UIUserInterfaceStyle = Light;
				IPHONEOS_DEPLOYMENT_TARGET = 14.0;
				LD_RUNPATH_SEARCH_PATHS = (
					"$(inherited)",
					"@executable_path/Frameworks",
				);
				MARKETING_VERSION = 0.0.1;
				PRODUCT_BUNDLE_IDENTIFIER = com.cone.uvio;
				PRODUCT_NAME = "$(TARGET_NAME)";
				PROVISIONING_PROFILE_SPECIFIER = "";
				SWIFT_EMIT_LOC_STRINGS = YES;
				SWIFT_VERSION = 5.0;
				TARGETED_DEVICE_FAMILY = 1;
			};
			name = PROD;
		};
		56E6F19E283D479400623AE2 /* STG */ = {
			isa = XCBuildConfiguration;
			buildSettings = {
				ALWAYS_SEARCH_USER_PATHS = NO;
				CLANG_ANALYZER_NONNULL = YES;
				CLANG_ANALYZER_NUMBER_OBJECT_CONVERSION = YES_AGGRESSIVE;
				CLANG_CXX_LANGUAGE_STANDARD = "gnu++17";
				CLANG_CXX_LIBRARY = "libc++";
				CLANG_ENABLE_MODULES = YES;
				CLANG_ENABLE_OBJC_ARC = YES;
				CLANG_ENABLE_OBJC_WEAK = YES;
				CLANG_WARN_BLOCK_CAPTURE_AUTORELEASING = YES;
				CLANG_WARN_BOOL_CONVERSION = YES;
				CLANG_WARN_COMMA = YES;
				CLANG_WARN_CONSTANT_CONVERSION = YES;
				CLANG_WARN_DEPRECATED_OBJC_IMPLEMENTATIONS = YES;
				CLANG_WARN_DIRECT_OBJC_ISA_USAGE = YES_ERROR;
				CLANG_WARN_DOCUMENTATION_COMMENTS = YES;
				CLANG_WARN_EMPTY_BODY = YES;
				CLANG_WARN_ENUM_CONVERSION = YES;
				CLANG_WARN_INFINITE_RECURSION = YES;
				CLANG_WARN_INT_CONVERSION = YES;
				CLANG_WARN_NON_LITERAL_NULL_CONVERSION = YES;
				CLANG_WARN_OBJC_IMPLICIT_RETAIN_SELF = YES;
				CLANG_WARN_OBJC_LITERAL_CONVERSION = YES;
				CLANG_WARN_OBJC_ROOT_CLASS = YES_ERROR;
				CLANG_WARN_QUOTED_INCLUDE_IN_FRAMEWORK_HEADER = YES;
				CLANG_WARN_RANGE_LOOP_ANALYSIS = YES;
				CLANG_WARN_STRICT_PROTOTYPES = YES;
				CLANG_WARN_SUSPICIOUS_MOVE = YES;
				CLANG_WARN_UNGUARDED_AVAILABILITY = YES_AGGRESSIVE;
				CLANG_WARN_UNREACHABLE_CODE = YES;
				CLANG_WARN__DUPLICATE_METHOD_MATCH = YES;
				COPY_PHASE_STRIP = NO;
				DEBUG_INFORMATION_FORMAT = "dwarf-with-dsym";
				ENABLE_NS_ASSERTIONS = NO;
				ENABLE_STRICT_OBJC_MSGSEND = YES;
				GCC_C_LANGUAGE_STANDARD = gnu11;
				GCC_NO_COMMON_BLOCKS = YES;
				GCC_WARN_64_TO_32_BIT_CONVERSION = YES;
				GCC_WARN_ABOUT_RETURN_TYPE = YES_ERROR;
				GCC_WARN_UNDECLARED_SELECTOR = YES;
				GCC_WARN_UNINITIALIZED_AUTOS = YES_AGGRESSIVE;
				GCC_WARN_UNUSED_FUNCTION = YES;
				GCC_WARN_UNUSED_VARIABLE = YES;
				IPHONEOS_DEPLOYMENT_TARGET = 15.2;
				MTL_ENABLE_DEBUG_INFO = NO;
				MTL_FAST_MATH = YES;
				SDKROOT = iphoneos;
				SWIFT_COMPILATION_MODE = wholemodule;
				SWIFT_OPTIMIZATION_LEVEL = "-O";
				VALIDATE_PRODUCT = YES;
			};
			name = STG;
		};
		56E6F19F283D479400623AE2 /* STG */ = {
			isa = XCBuildConfiguration;
			buildSettings = {
				ASSETCATALOG_COMPILER_APPICON_NAME = AppIcon;
				ASSETCATALOG_COMPILER_GLOBAL_ACCENT_COLOR_NAME = AccentColor;
				ASSETCATALOG_COMPILER_INCLUDE_ALL_APPICON_ASSETS = YES;
				CODE_SIGN_ENTITLEMENTS = UVIO/UVIO.entitlements;
				CODE_SIGN_IDENTITY = "Apple Development";
				CODE_SIGN_STYLE = Automatic;
				CURRENT_PROJECT_VERSION = 1;
				DEVELOPMENT_TEAM = 8XRN8AF3HH;
				ENV = STG;
				GENERATE_INFOPLIST_FILE = YES;
				INFOPLIST_FILE = UVIO/Resource/Info.plist;
				INFOPLIST_KEY_UIApplicationSupportsIndirectInputEvents = YES;
				INFOPLIST_KEY_UISupportedInterfaceOrientations = UIInterfaceOrientationPortrait;
				INFOPLIST_KEY_UISupportedInterfaceOrientations_iPad = "UIInterfaceOrientationPortrait UIInterfaceOrientationPortraitUpsideDown UIInterfaceOrientationLandscapeLeft UIInterfaceOrientationLandscapeRight";
				INFOPLIST_KEY_UISupportedInterfaceOrientations_iPhone = UIInterfaceOrientationPortrait;
				INFOPLIST_KEY_UIUserInterfaceStyle = Light;
				IPHONEOS_DEPLOYMENT_TARGET = 14.0;
				LD_RUNPATH_SEARCH_PATHS = (
					"$(inherited)",
					"@executable_path/Frameworks",
				);
				MARKETING_VERSION = 0.0.1;
				PRODUCT_BUNDLE_IDENTIFIER = com.cone.uvio;
				PRODUCT_NAME = "$(TARGET_NAME)";
				PROVISIONING_PROFILE_SPECIFIER = "";
				SWIFT_EMIT_LOC_STRINGS = YES;
				SWIFT_VERSION = 5.0;
				TARGETED_DEVICE_FAMILY = 1;
			};
			name = STG;
		};
/* End XCBuildConfiguration section */

/* Begin XCConfigurationList section */
		56A8534928322350000DFE3D /* Build configuration list for PBXProject "UVIO" */ = {
			isa = XCConfigurationList;
			buildConfigurations = (
				56A8536028322351000DFE3D /* DEV */,
				56A8536128322351000DFE3D /* PROD */,
				56E6F19E283D479400623AE2 /* STG */,
			);
			defaultConfigurationIsVisible = 0;
			defaultConfigurationName = STG;
		};
		56A8536228322351000DFE3D /* Build configuration list for PBXNativeTarget "UVIO" */ = {
			isa = XCConfigurationList;
			buildConfigurations = (
				56A8536328322351000DFE3D /* DEV */,
				56A8536428322351000DFE3D /* PROD */,
				56E6F19F283D479400623AE2 /* STG */,
			);
			defaultConfigurationIsVisible = 0;
			defaultConfigurationName = STG;
		};
/* End XCConfigurationList section */

/* Begin XCRemoteSwiftPackageReference section */
		563713B0283FD8FF003C5A09 /* XCRemoteSwiftPackageReference "GoogleSignIn-iOS" */ = {
			isa = XCRemoteSwiftPackageReference;
			repositoryURL = "https://github.com/google/GoogleSignIn-iOS";
			requirement = {
				kind = upToNextMajorVersion;
				minimumVersion = 6.0.0;
			};
		};
		563E02E0284E396400610F7C /* XCRemoteSwiftPackageReference "firebase-ios-sdk" */ = {
			isa = XCRemoteSwiftPackageReference;
			repositoryURL = "https://github.com/firebase/firebase-ios-sdk";
			requirement = {
				kind = upToNextMajorVersion;
				minimumVersion = 9.0.0;
			};
		};
		5659808A283B771600669F15 /* XCRemoteSwiftPackageReference "Resolver" */ = {
			isa = XCRemoteSwiftPackageReference;
			repositoryURL = "https://github.com/hmlongco/Resolver";
			requirement = {
				branch = master;
				kind = branch;
			};
		};
		5659808D283B776C00669F15 /* XCRemoteSwiftPackageReference "realm-swift" */ = {
			isa = XCRemoteSwiftPackageReference;
			repositoryURL = "https://github.com/realm/realm-swift";
			requirement = {
				branch = master;
				kind = branch;
			};
		};
		56598090283B77D700669F15 /* XCRemoteSwiftPackageReference "facebook-ios-sdk" */ = {
			isa = XCRemoteSwiftPackageReference;
			repositoryURL = "https://github.com/facebook/facebook-ios-sdk";
			requirement = {
				branch = main;
				kind = branch;
			};
		};
		56C0A7432848AA77001D5D00 /* XCRemoteSwiftPackageReference "OAuthSwift" */ = {
			isa = XCRemoteSwiftPackageReference;
			repositoryURL = "https://github.com/OAuthSwift/OAuthSwift.git";
			requirement = {
				kind = upToNextMajorVersion;
				minimumVersion = 2.0.0;
			};
		};
/* End XCRemoteSwiftPackageReference section */

/* Begin XCSwiftPackageProductDependency section */
		563713B1283FD8FF003C5A09 /* GoogleSignIn */ = {
			isa = XCSwiftPackageProductDependency;
			package = 563713B0283FD8FF003C5A09 /* XCRemoteSwiftPackageReference "GoogleSignIn-iOS" */;
			productName = GoogleSignIn;
		};
		563E02E1284E396400610F7C /* FirebaseMessaging */ = {
			isa = XCSwiftPackageProductDependency;
			package = 563E02E0284E396400610F7C /* XCRemoteSwiftPackageReference "firebase-ios-sdk" */;
			productName = FirebaseMessaging;
		};
		5659808E283B776C00669F15 /* RealmSwift */ = {
			isa = XCSwiftPackageProductDependency;
			package = 5659808D283B776C00669F15 /* XCRemoteSwiftPackageReference "realm-swift" */;
			productName = RealmSwift;
		};
		56598091283B77D700669F15 /* FacebookLogin */ = {
			isa = XCSwiftPackageProductDependency;
			package = 56598090283B77D700669F15 /* XCRemoteSwiftPackageReference "facebook-ios-sdk" */;
			productName = FacebookLogin;
		};
		56C0A7442848AA77001D5D00 /* OAuthSwift */ = {
			isa = XCSwiftPackageProductDependency;
			package = 56C0A7432848AA77001D5D00 /* XCRemoteSwiftPackageReference "OAuthSwift" */;
			productName = OAuthSwift;
		};
/* End XCSwiftPackageProductDependency section */
	};
	rootObject = 56A8534628322350000DFE3D /* Project object */;
}
